
Microsoft Visual Studio Solution File, Format Version 12.00
# Visual Studio Version 17
VisualStudioVersion = 17.12.35514.174
MinimumVisualStudioVersion = 10.0.40219.1
Project("{FAE04EC0-301F-11D3-BF4B-00C04F79EFBC}") = "UIAutomationTesting", "CSharpUIAutomation\UIAutomationTesting.csproj", "{53CE1BC0-447D-4374-9043-1AE3F46352C5}"
EndProject
Project("{FAE04EC0-301F-11D3-BF4B-00C04F79EFBC}") = "SpecFlowApiFramework", "CSharpApiAutomation\SpecFlowApiFramework.csproj", "{D6BAC19A-6304-48D9-A8CA-391B0188006D}"
EndProject
Global
	GlobalSection(SolutionConfigurationPlatforms) = preSolution
		Debug|Any CPU = Debug|Any CPU
		Release|Any CPU = Release|Any CPU
	EndGlobalSection
	GlobalSection(ProjectConfigurationPlatforms) = postSolution
		{53CE1BC0-447D-4374-9043-1AE3F46352C5}.Debug|Any CPU.ActiveCfg = Debug|Any CPU
		{53CE1BC0-447D-4374-9043-1AE3F46352C5}.Debug|Any CPU.Build.0 = Debug|Any CPU
		{53CE1BC0-447D-4374-9043-1AE3F46352C5}.Release|Any CPU.ActiveCfg = Release|Any CPU
		{53CE1BC0-447D-4374-9043-1AE3F46352C5}.Release|Any CPU.Build.0 = Release|Any CPU
		{D6BAC19A-6304-48D9-A8CA-391B0188006D}.Debug|Any CPU.ActiveCfg = Debug|Any CPU
		{D6BAC19A-6304-48D9-A8CA-391B0188006D}.Debug|Any CPU.Build.0 = Debug|Any CPU
		{D6BAC19A-6304-48D9-A8CA-391B0188006D}.Release|Any CPU.ActiveCfg = Release|Any CPU
		{D6BAC19A-6304-48D9-A8CA-391B0188006D}.Release|Any CPU.Build.0 = Release|Any CPU
	EndGlobalSection
	GlobalSection(SolutionProperties) = preSolution
		HideSolutionNode = FALSE
	EndGlobalSection
EndGlobal
